
Microsoft Visual Studio Solution File, Format Version 12.00
# Visual Studio Version 17
VisualStudioVersion = 17.9.34607.119
MinimumVisualStudioVersion = 10.0.40219.1
Project("{FAE04EC0-301F-11D3-BF4B-00C04F79EFBC}") = "FuryRent", "FuryRent\FuryRent.csproj", "{B09BA862-08D7-4566-AE9E-7F9EC39ABEBA}"
EndProject
Global
	GlobalSection(SolutionConfigurationPlatforms) = preSolution
		Debug|Any CPU = Debug|Any CPU
		Release|Any CPU = Release|Any CPU
	EndGlobalSection
	GlobalSection(ProjectConfigurationPlatforms) = postSolution
		{B09BA862-08D7-4566-AE9E-7F9EC39ABEBA}.Debug|Any CPU.ActiveCfg = Debug|Any CPU
		{B09BA862-08D7-4566-AE9E-7F9EC39ABEBA}.Debug|Any CPU.Build.0 = Debug|Any CPU
		{B09BA862-08D7-4566-AE9E-7F9EC39ABEBA}.Release|Any CPU.ActiveCfg = Release|Any CPU
		{B09BA862-08D7-4566-AE9E-7F9EC39ABEBA}.Release|Any CPU.Build.0 = Release|Any CPU
	EndGlobalSection
	GlobalSection(SolutionProperties) = preSolution
		HideSolutionNode = FALSE
	EndGlobalSection
	GlobalSection(ExtensibilityGlobals) = postSolution
		SolutionGuid = {1E8861EC-19D2-4BC4-8210-BE5D38B27113}
	EndGlobalSection
EndGlobal
